
Microsoft Visual Studio Solution File, Format Version 12.00
# Visual Studio Version 17
VisualStudioVersion = 17.5.33502.453
MinimumVisualStudioVersion = 10.0.40219.1
Project("{FAE04EC0-301F-11D3-BF4B-00C04F79EFBC}") = "Lab7", "Lab7.csproj", "{3D3D3B44-0318-4439-91B1-259C882CE70A}"
EndProject
Global
	GlobalSection(SolutionConfigurationPlatforms) = preSolution
		Debug|Any CPU = Debug|Any CPU
		Release|Any CPU = Release|Any CPU
	EndGlobalSection
	GlobalSection(ProjectConfigurationPlatforms) = postSolution
		{3D3D3B44-0318-4439-91B1-259C882CE70A}.Debug|Any CPU.ActiveCfg = Debug|Any CPU
		{3D3D3B44-0318-4439-91B1-259C882CE70A}.Debug|Any CPU.Build.0 = Debug|Any CPU
		{3D3D3B44-0318-4439-91B1-259C882CE70A}.Release|Any CPU.ActiveCfg = Release|Any CPU
		{3D3D3B44-0318-4439-91B1-259C882CE70A}.Release|Any CPU.Build.0 = Release|Any CPU
	EndGlobalSection
	GlobalSection(SolutionProperties) = preSolution
		HideSolutionNode = FALSE
	EndGlobalSection
	GlobalSection(ExtensibilityGlobals) = postSolution
		SolutionGuid = {C30E424B-AB4E-44BA-A9FA-2BA9F55B004E}
	EndGlobalSection
EndGlobal
